
Microsoft Visual Studio Solution File, Format Version 12.00
Project("{8BC9CEB8-8B4A-11D0-8D11-00A0C91BC942}") = "Lab1_1", "Lab1_1\Lab1_1.vcxproj", "{C4AEFC21-1F94-40B5-8050-BDA0FDC309AD}"
EndProject
Project("{8BC9CEB8-8B4A-11D0-8D11-00A0C91BC942}") = "Lab1_2", "Lab1_2\Lab1_2.vcxproj", "{34FEA648-D9B9-42DA-8AC6-4BE805999282}"
EndProject
Project("{8BC9CEB8-8B4A-11D0-8D11-00A0C91BC942}") = "Lab1_3", "Lab1_3\Lab1_3.vcxproj", "{F29FEA7E-5D1F-470F-8E9C-5521E9435B2C}"
EndProject
Project("{8BC9CEB8-8B4A-11D0-8D11-00A0C91BC942}") = "Lab1_4", "Lab1_4\Lab1_4.vcxproj", "{BAEEAB22-72D8-4AD9-A4C3-6E9B30E07BE3}"
EndProject
Global
	GlobalSection(SolutionConfigurationPlatforms) = preSolution
		Debug|Win32 = Debug|Win32
		Debug|x64 = Debug|x64
		Release|Win32 = Release|Win32
		Release|x64 = Release|x64
	EndGlobalSection
	GlobalSection(ProjectConfigurationPlatforms) = postSolution
		{C4AEFC21-1F94-40B5-8050-BDA0FDC309AD}.Debug|Win32.ActiveCfg = Debug|Win32
		{C4AEFC21-1F94-40B5-8050-BDA0FDC309AD}.Debug|Win32.Build.0 = Debug|Win32
		{C4AEFC21-1F94-40B5-8050-BDA0FDC309AD}.Debug|x64.ActiveCfg = Debug|x64
		{C4AEFC21-1F94-40B5-8050-BDA0FDC309AD}.Debug|x64.Build.0 = Debug|x64
		{C4AEFC21-1F94-40B5-8050-BDA0FDC309AD}.Release|Win32.ActiveCfg = Release|Win32
		{C4AEFC21-1F94-40B5-8050-BDA0FDC309AD}.Release|Win32.Build.0 = Release|Win32
		{C4AEFC21-1F94-40B5-8050-BDA0FDC309AD}.Release|x64.ActiveCfg = Release|x64
		{C4AEFC21-1F94-40B5-8050-BDA0FDC309AD}.Release|x64.Build.0 = Release|x64
		{34FEA648-D9B9-42DA-8AC6-4BE805999282}.Debug|Win32.ActiveCfg = Debug|Win32
		{34FEA648-D9B9-42DA-8AC6-4BE805999282}.Debug|Win32.Build.0 = Debug|Win32
		{34FEA648-D9B9-42DA-8AC6-4BE805999282}.Debug|x64.ActiveCfg = Debug|x64
		{34FEA648-D9B9-42DA-8AC6-4BE805999282}.Debug|x64.Build.0 = Debug|x64
		{34FEA648-D9B9-42DA-8AC6-4BE805999282}.Release|Win32.ActiveCfg = Release|Win32
		{34FEA648-D9B9-42DA-8AC6-4BE805999282}.Release|Win32.Build.0 = Release|Win32
		{34FEA648-D9B9-42DA-8AC6-4BE805999282}.Release|x64.ActiveCfg = Release|x64
		{34FEA648-D9B9-42DA-8AC6-4BE805999282}.Release|x64.Build.0 = Release|x64
		{F29FEA7E-5D1F-470F-8E9C-5521E9435B2C}.Debug|Win32.ActiveCfg = Debug|Win32
		{F29FEA7E-5D1F-470F-8E9C-5521E9435B2C}.Debug|Win32.Build.0 = Debug|Win32
		{F29FEA7E-5D1F-470F-8E9C-5521E9435B2C}.Debug|x64.ActiveCfg = Debug|x64
		{F29FEA7E-5D1F-470F-8E9C-5521E9435B2C}.Debug|x64.Build.0 = Debug|x64
		{F29FEA7E-5D1F-470F-8E9C-5521E9435B2C}.Release|Win32.ActiveCfg = Release|Win32
		{F29FEA7E-5D1F-470F-8E9C-5521E9435B2C}.Release|Win32.Build.0 = Release|Win32
		{F29FEA7E-5D1F-470F-8E9C-5521E9435B2C}.Release|x64.ActiveCfg = Release|x64
		{F29FEA7E-5D1F-470F-8E9C-5521E9435B2C}.Release|x64.Build.0 = Release|x64
		{BAEEAB22-72D8-4AD9-A4C3-6E9B30E07BE3}.Debug|Win32.ActiveCfg = Debug|Win32
		{BAEEAB22-72D8-4AD9-A4C3-6E9B30E07BE3}.Debug|Win32.Build.0 = Debug|Win32
		{BAEEAB22-72D8-4AD9-A4C3-6E9B30E07BE3}.Debug|x64.ActiveCfg = Debug|x64
		{BAEEAB22-72D8-4AD9-A4C3-6E9B30E07BE3}.Debug|x64.Build.0 = Debug|x64
		{BAEEAB22-72D8-4AD9-A4C3-6E9B30E07BE3}.Release|Win32.ActiveCfg = Release|Win32
		{BAEEAB22-72D8-4AD9-A4C3-6E9B30E07BE3}.Release|Win32.Build.0 = Release|Win32
		{BAEEAB22-72D8-4AD9-A4C3-6E9B30E07BE3}.Release|x64.ActiveCfg = Release|x64
		{BAEEAB22-72D8-4AD9-A4C3-6E9B30E07BE3}.Release|x64.Build.0 = Release|x64
	EndGlobalSection
EndGlobal
